
Microsoft Visual Studio Solution File, Format Version 12.00
# Visual Studio Version 17
VisualStudioVersion = 17.14.36429.23 d17.14
MinimumVisualStudioVersion = 10.0.40219.1
Project("{2150E333-8FDC-42A3-9474-1A3956D46DE8}") = "src", "src", "{02EA681E-C7D8-13C7-8484-4AC65E1B71E8}"
EndProject
Project("{FAE04EC0-301F-11D3-BF4B-00C04F79EFBC}") = "EventFlux.RabbitMQ", "src\EventFlux.RabbitMQ\EventFlux.RabbitMQ.csproj", "{D7A1B5A2-ABCA-4BC2-B75E-5FDC192700C4}"
EndProject
Project("{2150E333-8FDC-42A3-9474-1A3956D46DE8}") = "tests", "tests", "{27023883-A269-40D7-9F17-1EA4AF23F0E0}"
EndProject
Project("{FAE04EC0-301F-11D3-BF4B-00C04F79EFBC}") = "EventFlux.Consumer", "tests\EventFlux.Consumer\EventFlux.Consumer.csproj", "{402E9240-A562-44B9-B26B-3A9EFF99F991}"
EndProject
Project("{FAE04EC0-301F-11D3-BF4B-00C04F79EFBC}") = "EventFlux.Consumer2", "tests\EventFlux.Consumer2\EventFlux.Consumer2.csproj", "{DCF51E74-288A-4DD6-9EAC-CBC8E6BF17F3}"
EndProject
Project("{FAE04EC0-301F-11D3-BF4B-00C04F79EFBC}") = "EventFlux.Publisher", "tests\EventFlux.Publisher\EventFlux.Publisher.csproj", "{308210C6-C5D9-46D1-8652-423DCA29D727}"
EndProject
Global
	GlobalSection(SolutionConfigurationPlatforms) = preSolution
		Debug|Any CPU = Debug|Any CPU
		Release|Any CPU = Release|Any CPU
	EndGlobalSection
	GlobalSection(ProjectConfigurationPlatforms) = postSolution
		{D7A1B5A2-ABCA-4BC2-B75E-5FDC192700C4}.Debug|Any CPU.ActiveCfg = Debug|Any CPU
		{D7A1B5A2-ABCA-4BC2-B75E-5FDC192700C4}.Debug|Any CPU.Build.0 = Debug|Any CPU
		{D7A1B5A2-ABCA-4BC2-B75E-5FDC192700C4}.Release|Any CPU.ActiveCfg = Release|Any CPU
		{D7A1B5A2-ABCA-4BC2-B75E-5FDC192700C4}.Release|Any CPU.Build.0 = Release|Any CPU
		{402E9240-A562-44B9-B26B-3A9EFF99F991}.Debug|Any CPU.ActiveCfg = Debug|Any CPU
		{402E9240-A562-44B9-B26B-3A9EFF99F991}.Debug|Any CPU.Build.0 = Debug|Any CPU
		{402E9240-A562-44B9-B26B-3A9EFF99F991}.Release|Any CPU.ActiveCfg = Release|Any CPU
		{402E9240-A562-44B9-B26B-3A9EFF99F991}.Release|Any CPU.Build.0 = Release|Any CPU
		{DCF51E74-288A-4DD6-9EAC-CBC8E6BF17F3}.Debug|Any CPU.ActiveCfg = Debug|Any CPU
		{DCF51E74-288A-4DD6-9EAC-CBC8E6BF17F3}.Debug|Any CPU.Build.0 = Debug|Any CPU
		{DCF51E74-288A-4DD6-9EAC-CBC8E6BF17F3}.Release|Any CPU.ActiveCfg = Release|Any CPU
		{DCF51E74-288A-4DD6-9EAC-CBC8E6BF17F3}.Release|Any CPU.Build.0 = Release|Any CPU
		{308210C6-C5D9-46D1-8652-423DCA29D727}.Debug|Any CPU.ActiveCfg = Debug|Any CPU
		{308210C6-C5D9-46D1-8652-423DCA29D727}.Debug|Any CPU.Build.0 = Debug|Any CPU
		{308210C6-C5D9-46D1-8652-423DCA29D727}.Release|Any CPU.ActiveCfg = Release|Any CPU
		{308210C6-C5D9-46D1-8652-423DCA29D727}.Release|Any CPU.Build.0 = Release|Any CPU
	EndGlobalSection
	GlobalSection(SolutionProperties) = preSolution
		HideSolutionNode = FALSE
	EndGlobalSection
	GlobalSection(NestedProjects) = preSolution
		{D7A1B5A2-ABCA-4BC2-B75E-5FDC192700C4} = {02EA681E-C7D8-13C7-8484-4AC65E1B71E8}
		{402E9240-A562-44B9-B26B-3A9EFF99F991} = {27023883-A269-40D7-9F17-1EA4AF23F0E0}
		{DCF51E74-288A-4DD6-9EAC-CBC8E6BF17F3} = {27023883-A269-40D7-9F17-1EA4AF23F0E0}
		{308210C6-C5D9-46D1-8652-423DCA29D727} = {27023883-A269-40D7-9F17-1EA4AF23F0E0}
	EndGlobalSection
	GlobalSection(ExtensibilityGlobals) = postSolution
		SolutionGuid = {9F6594B5-A9BB-48A4-AE1F-CBE6F8444F72}
	EndGlobalSection
EndGlobal
